
Microsoft Visual Studio Solution File, Format Version 12.00
# Visual Studio Version 17
VisualStudioVersion = 17.9.34607.119
MinimumVisualStudioVersion = 10.0.40219.1
Project("{FAE04EC0-301F-11D3-BF4B-00C04F79EFBC}") = "Lab_2.2-3", "Lab_2.2-3\Lab_2.2-3.csproj", "{522DA0BD-03A6-48AB-95D1-7F2AA49403D6}"
EndProject
Global
	GlobalSection(SolutionConfigurationPlatforms) = preSolution
		Debug|Any CPU = Debug|Any CPU
		Release|Any CPU = Release|Any CPU
	EndGlobalSection
	GlobalSection(ProjectConfigurationPlatforms) = postSolution
		{522DA0BD-03A6-48AB-95D1-7F2AA49403D6}.Debug|Any CPU.ActiveCfg = Debug|Any CPU
		{522DA0BD-03A6-48AB-95D1-7F2AA49403D6}.Debug|Any CPU.Build.0 = Debug|Any CPU
		{522DA0BD-03A6-48AB-95D1-7F2AA49403D6}.Release|Any CPU.ActiveCfg = Release|Any CPU
		{522DA0BD-03A6-48AB-95D1-7F2AA49403D6}.Release|Any CPU.Build.0 = Release|Any CPU
	EndGlobalSection
	GlobalSection(SolutionProperties) = preSolution
		HideSolutionNode = FALSE
	EndGlobalSection
	GlobalSection(ExtensibilityGlobals) = postSolution
		SolutionGuid = {66961463-901B-4665-AE8A-13F449FD0A4D}
	EndGlobalSection
EndGlobal
